
Microsoft Visual Studio Solution File, Format Version 12.00
# Visual Studio Version 17
VisualStudioVersion = 17.5.33424.131
MinimumVisualStudioVersion = 10.0.40219.1
Project("{FAE04EC0-301F-11D3-BF4B-00C04F79EFBC}") = "SortWasteVictoria-WebApp", "SortWasteVictoria-WebApp\SortWasteVictoria-WebApp.csproj", "{DC3542A3-512D-42E9-9F7F-267EB966D640}"
EndProject
Global
	GlobalSection(SolutionConfigurationPlatforms) = preSolution
		Debug|Any CPU = Debug|Any CPU
		Release|Any CPU = Release|Any CPU
	EndGlobalSection
	GlobalSection(ProjectConfigurationPlatforms) = postSolution
		{DC3542A3-512D-42E9-9F7F-267EB966D640}.Debug|Any CPU.ActiveCfg = Debug|Any CPU
		{DC3542A3-512D-42E9-9F7F-267EB966D640}.Debug|Any CPU.Build.0 = Debug|Any CPU
		{DC3542A3-512D-42E9-9F7F-267EB966D640}.Release|Any CPU.ActiveCfg = Release|Any CPU
		{DC3542A3-512D-42E9-9F7F-267EB966D640}.Release|Any CPU.Build.0 = Release|Any CPU
	EndGlobalSection
	GlobalSection(SolutionProperties) = preSolution
		HideSolutionNode = FALSE
	EndGlobalSection
	GlobalSection(ExtensibilityGlobals) = postSolution
		SolutionGuid = {3480FEB6-04FB-4733-9DC4-4F4DAB44DC82}
	EndGlobalSection
EndGlobal
